Microsoft Visual Studio Solution File, Format Version 12.00
# Visual Studio Version 18
VisualStudioVersion = 18.0.11010.61 d18.0
MinimumVisualStudioVersion = 10.0.40219.1
Project("{FAE04EC0-301F-11D3-BF4B-00C04F79EFBC}") = "PlainBridge.AppHost", "src\PlainBridge.AppHost\PlainBridge.AppHost.csproj", "{A8F45856-6B0A-4DCA-AB0B-4706594FEBBC}"
EndProject
Project("{FAE04EC0-301F-11D3-BF4B-00C04F79EFBC}") = "PlainBridge.ServiceDefaults", "src\PlainBridge.ServiceDefaults\PlainBridge.ServiceDefaults.csproj", "{1BD46634-49F7-5BC5-255D-5FF61E970531}"
EndProject
Project("{FAE04EC0-301F-11D3-BF4B-00C04F79EFBC}") = "PlainBridge.Api.ApiEndPoint", "src\PlainBridge.Api\PlainBridge.Api.ApiEndPoint\PlainBridge.Api.ApiEndPoint.csproj", "{BA567B7B-F626-A289-8143-2EC6D282416E}"
EndProject
Project("{FAE04EC0-301F-11D3-BF4B-00C04F79EFBC}") = "PlainBridge.Api.Tests", "tests\PlainBridge.Api.Tests\PlainBridge.Api.Tests.csproj", "{EA664E3A-ECC0-4FB3-8152-7AD7F7F38830}"
EndProject
Project("{2150E333-8FDC-42A3-9474-1A3956D46DE8}") = "src", "src", "{02EA681E-C7D8-13C7-8484-4AC65E1B71E8}"
EndProject
Project("{2150E333-8FDC-42A3-9474-1A3956D46DE8}") = "tests", "tests", "{F78BFF6E-5711-4394-8C2E-2BF79B2E899E}"
EndProject
Project("{FAE04EC0-301F-11D3-BF4B-00C04F79EFBC}") = "PlainBridge.Api.Domain", "src\PlainBridge.Api\PlainBridge.Api.Domain\PlainBridge.Api.Domain.csproj", "{8A92B022-70A2-4D97-B2BC-50F067FA123A}"
EndProject
Project("{FAE04EC0-301F-11D3-BF4B-00C04F79EFBC}") = "PlainBridge.Api.Application", "src\PlainBridge.Api\PlainBridge.Api.Application\PlainBridge.Api.Application.csproj", "{EA3328C4-1B9E-4CEC-9D65-CE9A4889EDF5}"
EndProject
Project("{FAE04EC0-301F-11D3-BF4B-00C04F79EFBC}") = "PlainBridge.Api.Infrastructure", "src\PlainBridge.Api\PlainBridge.Api.Infrastructure\PlainBridge.Api.Infrastructure.csproj", "{CC77E9F3-A434-4B18-9134-5D8F7CCD6381}"
EndProject
Project("{2150E333-8FDC-42A3-9474-1A3956D46DE8}") = "PlainBridge.Api", "PlainBridge.Api", "{42E89A9D-1276-4C2E-B3BB-BD9E9E3E119E}"
EndProject
Project("{2150E333-8FDC-42A3-9474-1A3956D46DE8}") = "PlainBridge.Server", "PlainBridge.Server", "{22A1C1D9-4A9E-4DB7-BF7F-B1FE2F958209}"
EndProject
Project("{FAE04EC0-301F-11D3-BF4B-00C04F79EFBC}") = "PlainBridge.Server.ApiEndPoint", "src\PlainBridge.Server\PlainBridge.Server.ApiEndPoint\PlainBridge.Server.ApiEndPoint.csproj", "{09CFD002-47B1-03BF-558B-D0CCC8F33441}"
EndProject
Project("{FAE04EC0-301F-11D3-BF4B-00C04F79EFBC}") = "PlainBridge.Server.Application", "src\PlainBridge.Server\PlainBridge.Server.Application\PlainBridge.Server.Application.csproj", "{2421D6BB-6F74-48C5-AFDB-D670869DD244}"
EndProject
Project("{FAE04EC0-301F-11D3-BF4B-00C04F79EFBC}") = "PlainBridge.SharedApplication", "src\PlainBridge.SharedApplication\PlainBridge.SharedApplication.csproj", "{A0099E44-1141-4E24-AE96-BA0689CB5846}"
EndProject
Project("{2150E333-8FDC-42A3-9474-1A3956D46DE8}") = "PlainBridge.IdentityServer", "PlainBridge.IdentityServer", "{D6C0A3B6-4038-486E-8EF3-76D4C910C66F}"
EndProject
Project("{FAE04EC0-301F-11D3-BF4B-00C04F79EFBC}") = "PlainBridge.IdentityServer.EndPoint", "src\PlainBridge.IdentityServer\PlainBridge.IdentityServer.EndPoint\PlainBridge.IdentityServer.EndPoint.csproj", "{1E521E21-A97E-E5BD-A707-0A2FBDC4B40E}"
EndProject
Project("{2150E333-8FDC-42A3-9474-1A3956D46DE8}") = "PlainBridge.Web", "PlainBridge.Web", "{8BE12F00-E4A9-480E-B5A7-4109AE43B087}"
EndProject
Project("{54A90642-561A-4BB1-A94E-469ADEE60C69}") = "PlainBridge.Web.UI", "src\PlainBridge.Web\PlainBridge.Web.UI\PlainBridge.Web.UI.esproj", "{0F04302C-307C-B6D9-3921-29C25579EDA5}"
EndProject
Project("{FAE04EC0-301F-11D3-BF4B-00C04F79EFBC}") = "PlainBridge.Server.Tests", "tests\PlainBridge.Server.Tests\PlainBridge.Server.Tests.csproj", "{56141240-B7DE-4084-B15B-6DB8E3FA1828}"
EndProject
Project("{FAE04EC0-301F-11D3-BF4B-00C04F79EFBC}") = "PlainBridge.IdentityServer.Tests", "tests\PlainBridge.IdentityServer.Tests\PlainBridge.IdentityServer.Tests.csproj", "{AD624F28-CF02-4C11-B3F2-0AEC65CF0C6B}"
EndProject
Project("{2150E333-8FDC-42A3-9474-1A3956D46DE8}") = "PlainBridge.Client", "PlainBridge.Client", "{F9EDDE0C-4DFE-4BB7-A754-19FBA01E5A47}"
EndProject
Project("{FAE04EC0-301F-11D3-BF4B-00C04F79EFBC}") = "PlainBridge.Client.ApiEndPoint", "src\PlainBridge.Client\PlainBridge.Client.ApiEndPoint\PlainBridge.Client.ApiEndPoint.csproj", "{CC1FB6F6-B09C-151A-525E-CC557DDF79FD}"
EndProject
Project("{FAE04EC0-301F-11D3-BF4B-00C04F79EFBC}") = "PlainBridge.Client.Application", "src\PlainBridge.Client\PlainBridge.Client.Application\PlainBridge.Client.Application.csproj", "{50604CA4-B2C5-485D-86FC-D4375F23D51E}"
EndProject
Project("{FAE04EC0-301F-11D3-BF4B-00C04F79EFBC}") = "PlainBridge.SharedDomain", "src\PlainBridge.SharedDomain\PlainBridge.SharedDomain.csproj", "{0DE64927-4E41-44CE-875D-93A5E498176F}"
EndProject
Global
	GlobalSection(SolutionConfigurationPlatforms) = preSolution
		Debug|Any CPU = Debug|Any CPU
		Release|Any CPU = Release|Any CPU
	EndGlobalSection
	GlobalSection(ProjectConfigurationPlatforms) = postSolution
		{A8F45856-6B0A-4DCA-AB0B-4706594FEBBC}.Debug|Any CPU.ActiveCfg = Debug|Any CPU
		{A8F45856-6B0A-4DCA-AB0B-4706594FEBBC}.Debug|Any CPU.Build.0 = Debug|Any CPU
		{A8F45856-6B0A-4DCA-AB0B-4706594FEBBC}.Release|Any CPU.ActiveCfg = Release|Any CPU
		{A8F45856-6B0A-4DCA-AB0B-4706594FEBBC}.Release|Any CPU.Build.0 = Release|Any CPU
		{1BD46634-49F7-5BC5-255D-5FF61E970531}.Debug|Any CPU.ActiveCfg = Debug|Any CPU
		{1BD46634-49F7-5BC5-255D-5FF61E970531}.Debug|Any CPU.Build.0 = Debug|Any CPU
		{1BD46634-49F7-5BC5-255D-5FF61E970531}.Release|Any CPU.ActiveCfg = Release|Any CPU
		{1BD46634-49F7-5BC5-255D-5FF61E970531}.Release|Any CPU.Build.0 = Release|Any CPU
		{BA567B7B-F626-A289-8143-2EC6D282416E}.Debug|Any CPU.ActiveCfg = Debug|Any CPU
		{BA567B7B-F626-A289-8143-2EC6D282416E}.Debug|Any CPU.Build.0 = Debug|Any CPU
		{BA567B7B-F626-A289-8143-2EC6D282416E}.Release|Any CPU.ActiveCfg = Release|Any CPU
		{BA567B7B-F626-A289-8143-2EC6D282416E}.Release|Any CPU.Build.0 = Release|Any CPU
		{EA664E3A-ECC0-4FB3-8152-7AD7F7F38830}.Debug|Any CPU.ActiveCfg = Debug|Any CPU
		{EA664E3A-ECC0-4FB3-8152-7AD7F7F38830}.Debug|Any CPU.Build.0 = Debug|Any CPU
		{EA664E3A-ECC0-4FB3-8152-7AD7F7F38830}.Release|Any CPU.ActiveCfg = Release|Any CPU
		{EA664E3A-ECC0-4FB3-8152-7AD7F7F38830}.Release|Any CPU.Build.0 = Release|Any CPU
		{8A92B022-70A2-4D97-B2BC-50F067FA123A}.Debug|Any CPU.ActiveCfg = Debug|Any CPU
		{8A92B022-70A2-4D97-B2BC-50F067FA123A}.Debug|Any CPU.Build.0 = Debug|Any CPU
		{8A92B022-70A2-4D97-B2BC-50F067FA123A}.Release|Any CPU.ActiveCfg = Release|Any CPU
		{8A92B022-70A2-4D97-B2BC-50F067FA123A}.Release|Any CPU.Build.0 = Release|Any CPU
		{EA3328C4-1B9E-4CEC-9D65-CE9A4889EDF5}.Debug|Any CPU.ActiveCfg = Debug|Any CPU
		{EA3328C4-1B9E-4CEC-9D65-CE9A4889EDF5}.Debug|Any CPU.Build.0 = Debug|Any CPU
		{EA3328C4-1B9E-4CEC-9D65-CE9A4889EDF5}.Release|Any CPU.ActiveCfg = Release|Any CPU
		{EA3328C4-1B9E-4CEC-9D65-CE9A4889EDF5}.Release|Any CPU.Build.0 = Release|Any CPU
		{CC77E9F3-A434-4B18-9134-5D8F7CCD6381}.Debug|Any CPU.ActiveCfg = Debug|Any CPU
		{CC77E9F3-A434-4B18-9134-5D8F7CCD6381}.Debug|Any CPU.Build.0 = Debug|Any CPU
		{CC77E9F3-A434-4B18-9134-5D8F7CCD6381}.Release|Any CPU.ActiveCfg = Release|Any CPU
		{CC77E9F3-A434-4B18-9134-5D8F7CCD6381}.Release|Any CPU.Build.0 = Release|Any CPU
		{09CFD002-47B1-03BF-558B-D0CCC8F33441}.Debug|Any CPU.ActiveCfg = Debug|Any CPU
		{09CFD002-47B1-03BF-558B-D0CCC8F33441}.Debug|Any CPU.Build.0 = Debug|Any CPU
		{09CFD002-47B1-03BF-558B-D0CCC8F33441}.Release|Any CPU.ActiveCfg = Release|Any CPU
		{09CFD002-47B1-03BF-558B-D0CCC8F33441}.Release|Any CPU.Build.0 = Release|Any CPU
		{2421D6BB-6F74-48C5-AFDB-D670869DD244}.Debug|Any CPU.ActiveCfg = Debug|Any CPU
		{2421D6BB-6F74-48C5-AFDB-D670869DD244}.Debug|Any CPU.Build.0 = Debug|Any CPU
		{2421D6BB-6F74-48C5-AFDB-D670869DD244}.Release|Any CPU.ActiveCfg = Release|Any CPU
		{2421D6BB-6F74-48C5-AFDB-D670869DD244}.Release|Any CPU.Build.0 = Release|Any CPU
		{A0099E44-1141-4E24-AE96-BA0689CB5846}.Debug|Any CPU.ActiveCfg = Debug|Any CPU
		{A0099E44-1141-4E24-AE96-BA0689CB5846}.Debug|Any CPU.Build.0 = Debug|Any CPU
		{A0099E44-1141-4E24-AE96-BA0689CB5846}.Release|Any CPU.ActiveCfg = Release|Any CPU
		{A0099E44-1141-4E24-AE96-BA0689CB5846}.Release|Any CPU.Build.0 = Release|Any CPU
		{1E521E21-A97E-E5BD-A707-0A2FBDC4B40E}.Debug|Any CPU.ActiveCfg = Debug|Any CPU
		{1E521E21-A97E-E5BD-A707-0A2FBDC4B40E}.Debug|Any CPU.Build.0 = Debug|Any CPU
		{1E521E21-A97E-E5BD-A707-0A2FBDC4B40E}.Release|Any CPU.ActiveCfg = Release|Any CPU
		{1E521E21-A97E-E5BD-A707-0A2FBDC4B40E}.Release|Any CPU.Build.0 = Release|Any CPU
		{0F04302C-307C-B6D9-3921-29C25579EDA5}.Debug|Any CPU.ActiveCfg = Debug|Any CPU
		{0F04302C-307C-B6D9-3921-29C25579EDA5}.Debug|Any CPU.Build.0 = Debug|Any CPU
		{0F04302C-307C-B6D9-3921-29C25579EDA5}.Debug|Any CPU.Deploy.0 = Debug|Any CPU
		{0F04302C-307C-B6D9-3921-29C25579EDA5}.Release|Any CPU.ActiveCfg = Release|Any CPU
		{0F04302C-307C-B6D9-3921-29C25579EDA5}.Release|Any CPU.Build.0 = Release|Any CPU
		{0F04302C-307C-B6D9-3921-29C25579EDA5}.Release|Any CPU.Deploy.0 = Release|Any CPU
		{56141240-B7DE-4084-B15B-6DB8E3FA1828}.Debug|Any CPU.ActiveCfg = Debug|Any CPU
		{56141240-B7DE-4084-B15B-6DB8E3FA1828}.Debug|Any CPU.Build.0 = Debug|Any CPU
		{56141240-B7DE-4084-B15B-6DB8E3FA1828}.Release|Any CPU.ActiveCfg = Release|Any CPU
		{56141240-B7DE-4084-B15B-6DB8E3FA1828}.Release|Any CPU.Build.0 = Release|Any CPU
		{AD624F28-CF02-4C11-B3F2-0AEC65CF0C6B}.Debug|Any CPU.ActiveCfg = Debug|Any CPU
		{AD624F28-CF02-4C11-B3F2-0AEC65CF0C6B}.Debug|Any CPU.Build.0 = Debug|Any CPU
		{AD624F28-CF02-4C11-B3F2-0AEC65CF0C6B}.Release|Any CPU.ActiveCfg = Release|Any CPU
		{AD624F28-CF02-4C11-B3F2-0AEC65CF0C6B}.Release|Any CPU.Build.0 = Release|Any CPU
		{CC1FB6F6-B09C-151A-525E-CC557DDF79FD}.Debug|Any CPU.ActiveCfg = Debug|Any CPU
		{CC1FB6F6-B09C-151A-525E-CC557DDF79FD}.Debug|Any CPU.Build.0 = Debug|Any CPU
		{CC1FB6F6-B09C-151A-525E-CC557DDF79FD}.Release|Any CPU.ActiveCfg = Release|Any CPU
		{CC1FB6F6-B09C-151A-525E-CC557DDF79FD}.Release|Any CPU.Build.0 = Release|Any CPU
		{50604CA4-B2C5-485D-86FC-D4375F23D51E}.Debug|Any CPU.ActiveCfg = Debug|Any CPU
		{50604CA4-B2C5-485D-86FC-D4375F23D51E}.Debug|Any CPU.Build.0 = Debug|Any CPU
		{50604CA4-B2C5-485D-86FC-D4375F23D51E}.Release|Any CPU.ActiveCfg = Release|Any CPU
		{50604CA4-B2C5-485D-86FC-D4375F23D51E}.Release|Any CPU.Build.0 = Release|Any CPU
		{0DE64927-4E41-44CE-875D-93A5E498176F}.Debug|Any CPU.ActiveCfg = Debug|Any CPU
		{0DE64927-4E41-44CE-875D-93A5E498176F}.Debug|Any CPU.Build.0 = Debug|Any CPU
		{0DE64927-4E41-44CE-875D-93A5E498176F}.Release|Any CPU.ActiveCfg = Release|Any CPU
		{0DE64927-4E41-44CE-875D-93A5E498176F}.Release|Any CPU.Build.0 = Release|Any CPU
	EndGlobalSection
	GlobalSection(SolutionProperties) = preSolution
		HideSolutionNode = FALSE
	EndGlobalSection
	GlobalSection(NestedProjects) = preSolution
		{A8F45856-6B0A-4DCA-AB0B-4706594FEBBC} = {02EA681E-C7D8-13C7-8484-4AC65E1B71E8}
		{1BD46634-49F7-5BC5-255D-5FF61E970531} = {02EA681E-C7D8-13C7-8484-4AC65E1B71E8}
		{BA567B7B-F626-A289-8143-2EC6D282416E} = {42E89A9D-1276-4C2E-B3BB-BD9E9E3E119E}
		{EA664E3A-ECC0-4FB3-8152-7AD7F7F38830} = {F78BFF6E-5711-4394-8C2E-2BF79B2E899E}
		{8A92B022-70A2-4D97-B2BC-50F067FA123A} = {42E89A9D-1276-4C2E-B3BB-BD9E9E3E119E}
		{EA3328C4-1B9E-4CEC-9D65-CE9A4889EDF5} = {42E89A9D-1276-4C2E-B3BB-BD9E9E3E119E}
		{CC77E9F3-A434-4B18-9134-5D8F7CCD6381} = {42E89A9D-1276-4C2E-B3BB-BD9E9E3E119E}
		{42E89A9D-1276-4C2E-B3BB-BD9E9E3E119E} = {02EA681E-C7D8-13C7-8484-4AC65E1B71E8}
		{22A1C1D9-4A9E-4DB7-BF7F-B1FE2F958209} = {02EA681E-C7D8-13C7-8484-4AC65E1B71E8}
		{09CFD002-47B1-03BF-558B-D0CCC8F33441} = {22A1C1D9-4A9E-4DB7-BF7F-B1FE2F958209}
		{2421D6BB-6F74-48C5-AFDB-D670869DD244} = {22A1C1D9-4A9E-4DB7-BF7F-B1FE2F958209}
		{A0099E44-1141-4E24-AE96-BA0689CB5846} = {02EA681E-C7D8-13C7-8484-4AC65E1B71E8}
		{D6C0A3B6-4038-486E-8EF3-76D4C910C66F} = {02EA681E-C7D8-13C7-8484-4AC65E1B71E8}
		{1E521E21-A97E-E5BD-A707-0A2FBDC4B40E} = {D6C0A3B6-4038-486E-8EF3-76D4C910C66F}
		{8BE12F00-E4A9-480E-B5A7-4109AE43B087} = {02EA681E-C7D8-13C7-8484-4AC65E1B71E8}
		{0F04302C-307C-B6D9-3921-29C25579EDA5} = {8BE12F00-E4A9-480E-B5A7-4109AE43B087}
		{56141240-B7DE-4084-B15B-6DB8E3FA1828} = {F78BFF6E-5711-4394-8C2E-2BF79B2E899E}
		{AD624F28-CF02-4C11-B3F2-0AEC65CF0C6B} = {F78BFF6E-5711-4394-8C2E-2BF79B2E899E}
		{F9EDDE0C-4DFE-4BB7-A754-19FBA01E5A47} = {02EA681E-C7D8-13C7-8484-4AC65E1B71E8}
		{CC1FB6F6-B09C-151A-525E-CC557DDF79FD} = {F9EDDE0C-4DFE-4BB7-A754-19FBA01E5A47}
		{50604CA4-B2C5-485D-86FC-D4375F23D51E} = {F9EDDE0C-4DFE-4BB7-A754-19FBA01E5A47}
		{0DE64927-4E41-44CE-875D-93A5E498176F} = {02EA681E-C7D8-13C7-8484-4AC65E1B71E8}
	EndGlobalSection
	GlobalSection(ExtensibilityGlobals) = postSolution
		SolutionGuid = {4E8B8F9B-822C-426B-B920-DFA6BA23C3D1}
	EndGlobalSection
EndGlobal
