Microsoft Visual Studio Solution File, Format Version 12.00
# Visual Studio Version 17
VisualStudioVersion = 17.13.36105.23
MinimumVisualStudioVersion = 10.0.40219.1
Project("{FAE04EC0-301F-11D3-BF4B-00C04F79EFBC}") = "PlainBridge.AppHost", "src\PlainBridge.AppHost\PlainBridge.AppHost.csproj", "{A8F45856-6B0A-4DCA-AB0B-4706594FEBBC}"
EndProject
Project("{FAE04EC0-301F-11D3-BF4B-00C04F79EFBC}") = "PlainBridge.ServiceDefaults", "src\PlainBridge.ServiceDefaults\PlainBridge.ServiceDefaults.csproj", "{1BD46634-49F7-5BC5-255D-5FF61E970531}"
EndProject
Project("{FAE04EC0-301F-11D3-BF4B-00C04F79EFBC}") = "PlainBridge.Api.ApiEndPoint", "src\PlainBridge.Api\PlainBridge.Api.ApiEndPoint\PlainBridge.Api.ApiEndPoint.csproj", "{BA567B7B-F626-A289-8143-2EC6D282416E}"
EndProject
Project("{FAE04EC0-301F-11D3-BF4B-00C04F79EFBC}") = "PlainBridge.Api.UnitTests", "tests\PlainBridge.Api.UnitTests\PlainBridge.Api.UnitTests.csproj", "{EA664E3A-ECC0-4FB3-8152-7AD7F7F38830}"
EndProject
Project("{2150E333-8FDC-42A3-9474-1A3956D46DE8}") = "src", "src", "{02EA681E-C7D8-13C7-8484-4AC65E1B71E8}"
EndProject
Project("{2150E333-8FDC-42A3-9474-1A3956D46DE8}") = "tests", "tests", "{F78BFF6E-5711-4394-8C2E-2BF79B2E899E}"
EndProject
Project("{FAE04EC0-301F-11D3-BF4B-00C04F79EFBC}") = "PlainBridge.Api.Domain", "src\PlainBridge.Api\PlainBridge.Api.Domain\PlainBridge.Api.Domain.csproj", "{8A92B022-70A2-4D97-B2BC-50F067FA123A}"
EndProject
Project("{FAE04EC0-301F-11D3-BF4B-00C04F79EFBC}") = "PlainBridge.Api.Application", "src\PlainBridge.Api\PlainBridge.Api.Application\PlainBridge.Api.Application.csproj", "{EA3328C4-1B9E-4CEC-9D65-CE9A4889EDF5}"
EndProject
Project("{2150E333-8FDC-42A3-9474-1A3956D46DE8}") = "PlainBridge.Api.Infrastructure", "PlainBridge.Api.Infrastructure", "{BD514234-FCA9-4501-AA3D-C46AFA5A8809}"
EndProject
Project("{FAE04EC0-301F-11D3-BF4B-00C04F79EFBC}") = "PlainBridge.Api.Infrastructure.Data", "src\PlainBridge.Api\PlainBridge.Api.Infrastructure\PlainBridge.Api.Infrastructure.Data\PlainBridge.Api.Infrastructure.Data.csproj", "{CC77E9F3-A434-4B18-9134-5D8F7CCD6381}"
EndProject
Project("{2150E333-8FDC-42A3-9474-1A3956D46DE8}") = "PlainBridge.Api", "PlainBridge.Api", "{42E89A9D-1276-4C2E-B3BB-BD9E9E3E119E}"
EndProject
Project("{2150E333-8FDC-42A3-9474-1A3956D46DE8}") = "PlainBridge.Server", "PlainBridge.Server", "{22A1C1D9-4A9E-4DB7-BF7F-B1FE2F958209}"
EndProject
Project("{FAE04EC0-301F-11D3-BF4B-00C04F79EFBC}") = "PlainBridge.Server.Api", "src\PlainBridge.Server\PlainBridge.Server\PlainBridge.Server.Api.csproj", "{D398B45D-47A1-2B72-DE7D-E16F340140D9}"
EndProject
Global
	GlobalSection(SolutionConfigurationPlatforms) = preSolution
		Debug|Any CPU = Debug|Any CPU
		Release|Any CPU = Release|Any CPU
	EndGlobalSection
	GlobalSection(ProjectConfigurationPlatforms) = postSolution
		{A8F45856-6B0A-4DCA-AB0B-4706594FEBBC}.Debug|Any CPU.ActiveCfg = Debug|Any CPU
		{A8F45856-6B0A-4DCA-AB0B-4706594FEBBC}.Debug|Any CPU.Build.0 = Debug|Any CPU
		{A8F45856-6B0A-4DCA-AB0B-4706594FEBBC}.Release|Any CPU.ActiveCfg = Release|Any CPU
		{A8F45856-6B0A-4DCA-AB0B-4706594FEBBC}.Release|Any CPU.Build.0 = Release|Any CPU
		{1BD46634-49F7-5BC5-255D-5FF61E970531}.Debug|Any CPU.ActiveCfg = Debug|Any CPU
		{1BD46634-49F7-5BC5-255D-5FF61E970531}.Debug|Any CPU.Build.0 = Debug|Any CPU
		{1BD46634-49F7-5BC5-255D-5FF61E970531}.Release|Any CPU.ActiveCfg = Release|Any CPU
		{1BD46634-49F7-5BC5-255D-5FF61E970531}.Release|Any CPU.Build.0 = Release|Any CPU
		{BA567B7B-F626-A289-8143-2EC6D282416E}.Debug|Any CPU.ActiveCfg = Debug|Any CPU
		{BA567B7B-F626-A289-8143-2EC6D282416E}.Debug|Any CPU.Build.0 = Debug|Any CPU
		{BA567B7B-F626-A289-8143-2EC6D282416E}.Release|Any CPU.ActiveCfg = Release|Any CPU
		{BA567B7B-F626-A289-8143-2EC6D282416E}.Release|Any CPU.Build.0 = Release|Any CPU
		{EA664E3A-ECC0-4FB3-8152-7AD7F7F38830}.Debug|Any CPU.ActiveCfg = Debug|Any CPU
		{EA664E3A-ECC0-4FB3-8152-7AD7F7F38830}.Debug|Any CPU.Build.0 = Debug|Any CPU
		{EA664E3A-ECC0-4FB3-8152-7AD7F7F38830}.Release|Any CPU.ActiveCfg = Release|Any CPU
		{EA664E3A-ECC0-4FB3-8152-7AD7F7F38830}.Release|Any CPU.Build.0 = Release|Any CPU
		{8A92B022-70A2-4D97-B2BC-50F067FA123A}.Debug|Any CPU.ActiveCfg = Debug|Any CPU
		{8A92B022-70A2-4D97-B2BC-50F067FA123A}.Debug|Any CPU.Build.0 = Debug|Any CPU
		{8A92B022-70A2-4D97-B2BC-50F067FA123A}.Release|Any CPU.ActiveCfg = Release|Any CPU
		{8A92B022-70A2-4D97-B2BC-50F067FA123A}.Release|Any CPU.Build.0 = Release|Any CPU
		{EA3328C4-1B9E-4CEC-9D65-CE9A4889EDF5}.Debug|Any CPU.ActiveCfg = Debug|Any CPU
		{EA3328C4-1B9E-4CEC-9D65-CE9A4889EDF5}.Debug|Any CPU.Build.0 = Debug|Any CPU
		{EA3328C4-1B9E-4CEC-9D65-CE9A4889EDF5}.Release|Any CPU.ActiveCfg = Release|Any CPU
		{EA3328C4-1B9E-4CEC-9D65-CE9A4889EDF5}.Release|Any CPU.Build.0 = Release|Any CPU
		{CC77E9F3-A434-4B18-9134-5D8F7CCD6381}.Debug|Any CPU.ActiveCfg = Debug|Any CPU
		{CC77E9F3-A434-4B18-9134-5D8F7CCD6381}.Debug|Any CPU.Build.0 = Debug|Any CPU
		{CC77E9F3-A434-4B18-9134-5D8F7CCD6381}.Release|Any CPU.ActiveCfg = Release|Any CPU
		{CC77E9F3-A434-4B18-9134-5D8F7CCD6381}.Release|Any CPU.Build.0 = Release|Any CPU
		{D398B45D-47A1-2B72-DE7D-E16F340140D9}.Debug|Any CPU.ActiveCfg = Debug|Any CPU
		{D398B45D-47A1-2B72-DE7D-E16F340140D9}.Debug|Any CPU.Build.0 = Debug|Any CPU
		{D398B45D-47A1-2B72-DE7D-E16F340140D9}.Release|Any CPU.ActiveCfg = Release|Any CPU
		{D398B45D-47A1-2B72-DE7D-E16F340140D9}.Release|Any CPU.Build.0 = Release|Any CPU
	EndGlobalSection
	GlobalSection(SolutionProperties) = preSolution
		HideSolutionNode = FALSE
	EndGlobalSection
	GlobalSection(NestedProjects) = preSolution
		{A8F45856-6B0A-4DCA-AB0B-4706594FEBBC} = {02EA681E-C7D8-13C7-8484-4AC65E1B71E8}
		{1BD46634-49F7-5BC5-255D-5FF61E970531} = {02EA681E-C7D8-13C7-8484-4AC65E1B71E8}
		{BA567B7B-F626-A289-8143-2EC6D282416E} = {42E89A9D-1276-4C2E-B3BB-BD9E9E3E119E}
		{EA664E3A-ECC0-4FB3-8152-7AD7F7F38830} = {F78BFF6E-5711-4394-8C2E-2BF79B2E899E}
		{8A92B022-70A2-4D97-B2BC-50F067FA123A} = {42E89A9D-1276-4C2E-B3BB-BD9E9E3E119E}
		{EA3328C4-1B9E-4CEC-9D65-CE9A4889EDF5} = {42E89A9D-1276-4C2E-B3BB-BD9E9E3E119E}
		{BD514234-FCA9-4501-AA3D-C46AFA5A8809} = {42E89A9D-1276-4C2E-B3BB-BD9E9E3E119E}
		{CC77E9F3-A434-4B18-9134-5D8F7CCD6381} = {BD514234-FCA9-4501-AA3D-C46AFA5A8809}
		{42E89A9D-1276-4C2E-B3BB-BD9E9E3E119E} = {02EA681E-C7D8-13C7-8484-4AC65E1B71E8}
		{22A1C1D9-4A9E-4DB7-BF7F-B1FE2F958209} = {02EA681E-C7D8-13C7-8484-4AC65E1B71E8}
		{D398B45D-47A1-2B72-DE7D-E16F340140D9} = {22A1C1D9-4A9E-4DB7-BF7F-B1FE2F958209}
	EndGlobalSection
	GlobalSection(ExtensibilityGlobals) = postSolution
		SolutionGuid = {4E8B8F9B-822C-426B-B920-DFA6BA23C3D1}
	EndGlobalSection
EndGlobal
